
Microsoft Visual Studio Solution File, Format Version 12.00
# Visual Studio 15
Project("{FAE04EC0-301F-11D3-BF4B-00C04F79EFBC}") = "Assembly-CSharp", "Assembly-CSharp.csproj", "{AA9E1A33-19C4-B651-B9E2-E6C0AC7C1F01}"
EndProject
Global
	GlobalSection(SolutionConfigurationPlatforms) = preSolution
		Debug|Any CPU = Debug|Any CPU
		Release|Any CPU = Release|Any CPU
	EndGlobalSection
	GlobalSection(ProjectConfigurationPlatforms) = postSolution
		{AA9E1A33-19C4-B651-B9E2-E6C0AC7C1F01}.Debug|Any CPU.ActiveCfg = Debug|Any CPU
		{AA9E1A33-19C4-B651-B9E2-E6C0AC7C1F01}.Debug|Any CPU.Build.0 = Debug|Any CPU
		{AA9E1A33-19C4-B651-B9E2-E6C0AC7C1F01}.Release|Any CPU.ActiveCfg = Release|Any CPU
		{AA9E1A33-19C4-B651-B9E2-E6C0AC7C1F01}.Release|Any CPU.Build.0 = Release|Any CPU
	EndGlobalSection
	GlobalSection(SolutionProperties) = preSolution
		HideSolutionNode = FALSE
	EndGlobalSection
EndGlobal
